# THIS IS AN AUTOGENERATED FILE. DO NOT EDIT THIS FILE DIRECTLY.
# yarn lockfile v1


"@linaria/server@^4.1.0":
  version "4.1.0"
  resolved "https://packages.atlassian.com/api/npm/npm-remote/@linaria/server/-/server-4.1.0.tgz#6dab61acfd8bf67942269983b837822cded0a401"
  integrity sha512-Ai2fXi4gyt79/nlqX8rys2iqfQJGHVmmEdNAIYtG4guWnIGgiCA0igetRvgTZqUhWUN/MYGT2/TsDM/LSskqMQ==
  dependencies:
    postcss "^8.3.11"

ansi-styles@^4.1.0:
  version "4.3.0"
  resolved "https://packages.atlassian.com/api/npm/npm-remote/ansi-styles/-/ansi-styles-4.3.0.tgz#edd803628ae71c04c85ae7a0906edad34b648937"
  integrity sha512-zbB9rCJAT1rbjiVDb2hqKFHNYLxgtk8NURxZ3IZwD3F6NtxbXZQCnnSi1Lkx+IDohdPlFp222wVALIheZJQSEg==
  dependencies:
    color-convert "^2.0.1"

boolbase@^1.0.0:
  version "1.0.0"
  resolved "https://packages.atlassian.com/api/npm/npm-remote/boolbase/-/boolbase-1.0.0.tgz#68dff5fbe60c51eb37725ea9e3ed310dcc1e776e"
  integrity sha512-JZOSA7Mo9sNGB8+UjSgzdLtokWAky1zbztM3WRLCbZ70/3cTANmQmOdR7y2g+J0e2WXywy1yS468tY+IruqEww==

chalk@^4.1.0:
  version "4.1.2"
  resolved "https://packages.atlassian.com/api/npm/npm-remote/chalk/-/chalk-4.1.2.tgz#aac4e2b7734a740867aeb16bf02aad556a1e7a01"
  integrity sha512-oKnbhFyRIXpUuez8iBMmyEa4nbj4IOQyuhc/wy9kY7/WVPcwIO9VA668Pu8RkO7+0G76SLROeyw9CpQ061i4mA==
  dependencies:
    ansi-styles "^4.1.0"
    supports-color "^7.1.0"

color-convert@^2.0.1:
  version "2.0.1"
  resolved "https://packages.atlassian.com/api/npm/npm-remote/color-convert/-/color-convert-2.0.1.tgz#72d3a68d598c9bdb3af2ad1e84f21d896abd4de3"
  integrity sha512-RRECPsj7iu/xb5oKYcsFHSppFNnsj/52OVTRKb4zP5onXwVF3zVmmToNcOfGC+CRDpfK/U584fMg38ZHCaElKQ==
  dependencies:
    color-name "~1.1.4"

color-name@~1.1.4:
  version "1.1.4"
  resolved "https://packages.atlassian.com/api/npm/npm-remote/color-name/-/color-name-1.1.4.tgz#c2a09a87acbde69543de6f63fa3995c826c536a2"
  integrity sha512-dOy+3AuW3a2wNbZHIuMZpTcgjGuLU/uBL/ubcZF9OXbDo8ff4O8yVp5Bf0efS8uEoYo5q4Fx7dY9OgQGXgAsQA==

crc-32@^1.2.0:
  version "1.2.2"
  resolved "https://packages.atlassian.com/api/npm/npm-remote/crc-32/-/crc-32-1.2.2.tgz#3cad35a934b8bf71f25ca524b6da51fb7eace2ff"
  integrity sha512-ROmzCKrTnOwybPcJApAA6WBWij23HVfGVNKqqrZpuyZOHqK2CwHSvpGuyt/UNNvaIjEd8X5IFGp4Mh+Ie1IHJQ==

critters@^0.0.16:
  version "0.0.16"
  resolved "https://packages.atlassian.com/api/npm/npm-remote/critters/-/critters-0.0.16.tgz#ffa2c5561a65b43c53b940036237ce72dcebfe93"
  integrity sha512-JwjgmO6i3y6RWtLYmXwO5jMd+maZt8Tnfu7VVISmEWyQqfLpB8soBswf8/2bu6SBXxtKA68Al3c+qIG1ApT68A==
  dependencies:
    chalk "^4.1.0"
    css-select "^4.2.0"
    parse5 "^6.0.1"
    parse5-htmlparser2-tree-adapter "^6.0.1"
    postcss "^8.3.7"
    pretty-bytes "^5.3.0"

css-select@^4.2.0:
  version "4.3.0"
  resolved "https://packages.atlassian.com/api/npm/npm-remote/css-select/-/css-select-4.3.0.tgz#db7129b2846662fd8628cfc496abb2b59e41529b"
  integrity sha512-wPpOYtnsVontu2mODhA19JrqWxNsfdatRKd64kmpRbQgh1KtItko5sTnEpPdpSaJszTOhEMlF/RPz28qj4HqhQ==
  dependencies:
    boolbase "^1.0.0"
    css-what "^6.0.1"
    domhandler "^4.3.1"
    domutils "^2.8.0"
    nth-check "^2.0.1"

css-what@^6.0.1:
  version "6.1.0"
  resolved "https://packages.atlassian.com/api/npm/npm-remote/css-what/-/css-what-6.1.0.tgz#fb5effcf76f1ddea2c81bdfaa4de44e79bac70f4"
  integrity sha512-HTUrgRJ7r4dsZKU6GjmpfRK1O76h97Z8MfS1G0FozR+oF2kG6Vfe8JE6zwrkbxigziPHinCJ+gCPjA9EaBDtRw==

dom-serializer@^1.0.1:
  version "1.4.1"
  resolved "https://packages.atlassian.com/api/npm/npm-remote/dom-serializer/-/dom-serializer-1.4.1.tgz#de5d41b1aea290215dc45a6dae8adcf1d32e2d30"
  integrity sha512-VHwB3KfrcOOkelEG2ZOfxqLZdfkil8PtJi4P8N2MMXucZq2yLp75ClViUlOVwyoHEDjYU433Aq+5zWP61+RGag==
  dependencies:
    domelementtype "^2.0.1"
    domhandler "^4.2.0"
    entities "^2.0.0"

domelementtype@^2.0.1, domelementtype@^2.2.0:
  version "2.3.0"
  resolved "https://packages.atlassian.com/api/npm/npm-remote/domelementtype/-/domelementtype-2.3.0.tgz#5c45e8e869952626331d7aab326d01daf65d589d"
  integrity sha512-OLETBj6w0OsagBwdXnPdN0cnMfF9opN69co+7ZrbfPGrdpPVNBUj02spi6B1N7wChLQiPn4CSH/zJvXw56gmHw==

domhandler@^4.2.0, domhandler@^4.3.1:
  version "4.3.1"
  resolved "https://packages.atlassian.com/api/npm/npm-remote/domhandler/-/domhandler-4.3.1.tgz#8d792033416f59d68bc03a5aa7b018c1ca89279c"
  integrity sha512-GrwoxYN+uWlzO8uhUXRl0P+kHE4GtVPfYzVLcUxPL7KNdHKj66vvlhiweIHqYYXWlw+T8iLMp42Lm67ghw4WMQ==
  dependencies:
    domelementtype "^2.2.0"

domutils@^2.8.0:
  version "2.8.0"
  resolved "https://packages.atlassian.com/api/npm/npm-remote/domutils/-/domutils-2.8.0.tgz#4437def5db6e2d1f5d6ee859bd95ca7d02048135"
  integrity sha512-w96Cjofp72M5IIhpjgobBimYEfoPjx1Vx0BSX9P30WBdZW2WIKU0T1Bd0kz2eNZ9ikjKgHbEyKx8BB6H1L3h3A==
  dependencies:
    dom-serializer "^1.0.1"
    domelementtype "^2.2.0"
    domhandler "^4.2.0"

entities@^2.0.0:
  version "2.2.0"
  resolved "https://packages.atlassian.com/api/npm/npm-remote/entities/-/entities-2.2.0.tgz#098dc90ebb83d8dffa089d55256b351d34c4da55"
  integrity sha512-p92if5Nz619I0w+akJrLZH0MX0Pb5DX39XOwQTtXSdQQOaYH03S1uIQp4mhOZtAXrxq4ViO67YTiLBo2638o9A==

function-double@^1.0.4:
  version "1.0.4"
  resolved "https://packages.atlassian.com/api/npm/npm-remote/function-double/-/function-double-1.0.4.tgz#46074f215a171594036d816fa963c2902b482c86"
  integrity sha512-J+vMIwmWx/uY3Fc4TNeyPyQOjSbaWpHO/xj+tv8RbViLfPipFGohgOWN+kSkuWTwSZPZxMfYopECUA/9Tq8YJA==
  dependencies:
    util-arity "^1.1.0"

has-flag@^4.0.0:
  version "4.0.0"
  resolved "https://packages.atlassian.com/api/npm/npm-remote/has-flag/-/has-flag-4.0.0.tgz#944771fd9c81c81265c4d6941860da06bb59479b"
  integrity sha512-EykJT/Q1KjTWctppgIAgfSO0tKVuZUjhgMr17kqTumMl6Afv3EISleU7qZUzoXDFTAHTDC4NOoG/ZxU3EvlMPQ==

kashe@^1.0.4:
  version "1.0.4"
  resolved "https://packages.atlassian.com/api/npm/npm-remote/kashe/-/kashe-1.0.4.tgz#72f538d641f220eb4533a050f1f39b3acac7fafb"
  integrity sha512-d4N2iljhOrTUszc+fRdfaFRPeu0+hZNbSlXnuTdVcN+IWFMByTNmQzA3SKb1bWctNVXi5RmYQYQjOWqu1mDXpw==
  dependencies:
    function-double "^1.0.4"
    reselect "^4.0.0"

memoize-one@^5.2.1:
  version "5.2.1"
  resolved "https://packages.atlassian.com/api/npm/npm-remote/memoize-one/-/memoize-one-5.2.1.tgz#8337aa3c4335581839ec01c3d594090cebe8f00e"
  integrity sha512-zYiwtZUcYyXKo/np96AGZAckk+FWWsUdJ3cHGGmld7+AhvcWmQyGCYUh1hc4Q/pkOhb65dQR/pqCyK0cOaHz4Q==

nanoid@^3.3.6:
  version "3.3.6"
  resolved "https://packages.atlassian.com/api/npm/npm-remote/nanoid/-/nanoid-3.3.6.tgz#443380c856d6e9f9824267d960b4236ad583ea4c"
  integrity sha512-BGcqMMJuToF7i1rt+2PWSNVnWIkGCU78jBG3RxO/bZlnZPK2Cmi2QaffxGO/2RvWi9sL+FAiRiXMgsyxQ1DIDA==

nth-check@^2.0.1:
  version "2.1.1"
  resolved "https://packages.atlassian.com/api/npm/npm-remote/nth-check/-/nth-check-2.1.1.tgz#c9eab428effce36cd6b92c924bdb000ef1f1ed1d"
  integrity sha512-lqjrjmaOoAnWfMmBPL+XNnynZh2+swxiX3WUE0s4yEHI6m+AwrK2UZOimIRl3X/4QctVqS8AiZjFqyOGrMXb/w==
  dependencies:
    boolbase "^1.0.0"

parse5-htmlparser2-tree-adapter@^6.0.1:
  version "6.0.1"
  resolved "https://packages.atlassian.com/api/npm/npm-remote/parse5-htmlparser2-tree-adapter/-/parse5-htmlparser2-tree-adapter-6.0.1.tgz#2cdf9ad823321140370d4dbf5d3e92c7c8ddc6e6"
  integrity sha512-qPuWvbLgvDGilKc5BoicRovlT4MtYT6JfJyBOMDsKoiT+GiuP5qyrPCnR9HcPECIJJmZh5jRndyNThnhhb/vlA==
  dependencies:
    parse5 "^6.0.1"

parse5@^6.0.1:
  version "6.0.1"
  resolved "https://packages.atlassian.com/api/npm/npm-remote/parse5/-/parse5-6.0.1.tgz#e1a1c085c569b3dc08321184f19a39cc27f7c30b"
  integrity sha512-Ofn/CTFzRGTTxwpNEs9PP93gXShHcTq255nzRYSKe8AkVpZY7e1fpmTfOyoIvjP5HG7Z2ZM7VS9PPhQGW2pOpw==

picocolors@^0.2.1:
  version "0.2.1"
  resolved "https://packages.atlassian.com/api/npm/npm-remote/picocolors/-/picocolors-0.2.1.tgz#570670f793646851d1ba135996962abad587859f"
  integrity sha512-cMlDqaLEqfSaW8Z7N5Jw+lyIW869EzT73/F5lhtY9cLGoVxSXznfgfXMO0Z5K0o0Q2TkTXq+0KFsdnSe3jDViA==

picocolors@^1.0.0:
  version "1.0.0"
  resolved "https://packages.atlassian.com/api/npm/npm-remote/picocolors/-/picocolors-1.0.0.tgz#cb5bdc74ff3f51892236eaf79d68bc44564ab81c"
  integrity sha512-1fygroTLlHu66zi26VoTDv8yRgm0Fccecssto+MhsZ0D/DGW2sm8E8AjW7NU5VVTRt5GxbeZ5qBuJr+HyLYkjQ==

postcss@^7.0.17:
  version "7.0.39"
  resolved "https://packages.atlassian.com/api/npm/npm-remote/postcss/-/postcss-7.0.39.tgz#9624375d965630e2e1f2c02a935c82a59cb48309"
  integrity sha512-yioayjNbHn6z1/Bywyb2Y4s3yvDAeXGOyxqD+LnVOinq6Mdmd++SW2wUNVzavyyHxd6+DxzWGIuosg6P1Rj8uA==
  dependencies:
    picocolors "^0.2.1"
    source-map "^0.6.1"

postcss@^8.3.11, postcss@^8.3.7:
  version "8.4.23"
  resolved "https://packages.atlassian.com/api/npm/npm-remote/postcss/-/postcss-8.4.23.tgz#df0aee9ac7c5e53e1075c24a3613496f9e6552ab"
  integrity sha512-bQ3qMcpF6A/YjR55xtoTr0jGOlnPOKAIMdOWiv0EIT6HVPEaJiJB4NLljSbiHoC2RX7DN5Uvjtpbg1NPdwv1oA==
  dependencies:
    nanoid "^3.3.6"
    picocolors "^1.0.0"
    source-map-js "^1.0.2"

pretty-bytes@^5.3.0:
  version "5.6.0"
  resolved "https://packages.atlassian.com/api/npm/npm-remote/pretty-bytes/-/pretty-bytes-5.6.0.tgz#356256f643804773c82f64723fe78c92c62beaeb"
  integrity sha512-FFw039TmrBqFK8ma/7OL3sDz/VytdtJr044/QUJtH0wK9lb9jLq9tJyIxUwtQJHwar2BqtiA4iCWSwo9JLkzFg==

reselect@^4.0.0:
  version "4.1.8"
  resolved "https://packages.atlassian.com/api/npm/npm-remote/reselect/-/reselect-4.1.8.tgz#3f5dc671ea168dccdeb3e141236f69f02eaec524"
  integrity sha512-ab9EmR80F/zQTMNeneUr4cv+jSwPJgIlvEmVwLerwrWVbpLlBuls9XHzIeTFy4cegU2NHBp3va0LKOzU5qFEYQ==

scan-directory@^1.0.0:
  version "1.0.0"
  resolved "https://packages.atlassian.com/api/npm/npm-remote/scan-directory/-/scan-directory-1.0.0.tgz#46b6769dbd893d9bd7490ae9dcc43811a38b7fbb"
  integrity sha512-StSp3ahu7EE1oqVfemF9nV7DVusIaVRuZVa4CZX5rzCUwspqO21wWdNshxZuFIQD7zj/HvvglBoycIizZbTBdw==

source-map-js@^1.0.2:
  version "1.0.2"
  resolved "https://packages.atlassian.com/api/npm/npm-remote/source-map-js/-/source-map-js-1.0.2.tgz#adbc361d9c62df380125e7f161f71c826f1e490c"
  integrity sha512-R0XvVJ9WusLiqTCEiGCmICCMplcCkIwwR11mOSD9CR5u+IXYdiseeEuXCVAjS54zqwkLcPNnmU4OeJ6tUrWhDw==

source-map@^0.6.1:
  version "0.6.1"
  resolved "https://packages.atlassian.com/api/npm/npm-remote/source-map/-/source-map-0.6.1.tgz#74722af32e9614e9c287a8d0bbde48b5e2f1a263"
  integrity sha512-UjgapumWlbMhkBgzT7Ykc5YXUT46F0iKu8SGXq0bcwP5dz/h0Plj6enJqjz1Zbq2l5WaqYnrVbwWOWMyF3F47g==

supports-color@^7.1.0:
  version "7.2.0"
  resolved "https://packages.atlassian.com/api/npm/npm-remote/supports-color/-/supports-color-7.2.0.tgz#1b7dcdcb32b8138801b3e478ba6a51caa89648da"
  integrity sha512-qpCAvRl9stuOHveKsn7HncJRvv501qIacKzQlO/+Lwxc9+0q2wLyv4Dfvt80/DPn2pqOBsJdDiogXGR9+OvwRw==
  dependencies:
    has-flag "^4.0.0"

tslib@^2.3.1:
  version "2.5.2"
  resolved "https://packages.atlassian.com/api/npm/npm-remote/tslib/-/tslib-2.5.2.tgz#1b6f07185c881557b0ffa84b111a0106989e8338"
  integrity sha512-5svOrSA2w3iGFDs1HibEVBGbDrAY82bFQ3HZ3ixB+88nsbsWQoKqDRb5UBYAUPEzbBn6dAp5gRNXglySbx1MlA==

used-styles@^2.4.3:
  version "2.4.3"
  resolved "https://packages.atlassian.com/api/npm/npm-remote/used-styles/-/used-styles-2.4.3.tgz#e3ae4d64a691b9697089470c50371092f21a8492"
  integrity sha512-tLdhtocj5xWVdh2r8u3DN+BO6XQBVB+Gz8QCKRy/DGwNKV1VeDhg70bUA4dSe+u3LAgz9MkUG8tJ6Saz6K+Flw==
  dependencies:
    crc-32 "^1.2.0"
    kashe "^1.0.4"
    memoize-one "^5.2.1"
    postcss "^7.0.17"
    scan-directory "^1.0.0"
    tslib "^2.3.1"

util-arity@^1.1.0:
  version "1.1.0"
  resolved "https://packages.atlassian.com/api/npm/npm-remote/util-arity/-/util-arity-1.1.0.tgz#59d01af1fdb3fede0ac4e632b0ab5f6ce97c9330"
  integrity sha512-kkyIsXKwemfSy8ZEoaIz06ApApnWsk5hQO0vLjZS6UkBiGiW++Jsyb8vSBoc0WKlffGoGs5yYy/j5pp8zckrFA==
